{
    "_meta": {
        "hash": {
            "sha256": "f47b05c328345ac69b43dbbc9b33fac7730b51691097156479b04f1a85419c0f"
        },
        "pipfile-spec": 6,
        "requires": {
            "python_version": "3.9"
        },
        "sources": [
            {
                "name": "pypi",
                "url": "https://pypi.org/simple",
                "verify_ssl": true
            }
        ]
    },
    "default": {
        "argparse": {
            "hashes": [
                "sha256:62b089a55be1d8949cd2bc7e0df0bddb9e028faefc8c32038cc84862aefdd6e4",
                "sha256:c31647edb69fd3d465a847ea3157d37bed1f95f19760b11a47aa91c04b666314"
            ],
            "index": "pypi",
            "version": "==1.4.0"
        },
        "pyee": {
            "hashes": [
                "sha256:383973b63ad7ed5e3c0311f8b179c52981f9e7b3eaea0e9a830d13ec34dde65f",
                "sha256:92dacc5bd2bdb8f95aa8dd2585d47ca1c4840e2adb95ccf90034d64f725bfd31"
            ],
            "version": "==8.1.0"
        },
        "python-ffmpeg": {
            "hashes": [
                "sha256:4eb946e7457ff5db9ce1cbe138ecdbe53e7bfe4a15a78b39051fba6b64919f36",
                "sha256:bdf38ba5052f7128241a217a4411664e1047afa959416b30f133a3a349428e4c"
            ],
            "index": "pypi",
            "version": "==1.0.11"
        },
        "python-gnupg": {
            "hashes": [
                "sha256:3aa0884b3bd414652c2385b9df39e7b87272c2eca1b8fcc3089bc9e58652019a",
                "sha256:cba3566e8a8fb7bb417d6897a6e17bfc7f9371052e57eb0057783c07d762a679"
            ],
            "index": "pypi",
            "version": "==0.4.6"
        },
        "qasync": {
            "hashes": [
                "sha256:07a194a9f17706eec908596b3a40b469d2cbf81c1b9d3395357a4c91044ba2f2",
                "sha256:1ac4fce7d477e7a9e54d4e6099c9cc94f9464be94eb06e4d01048df6607ed36a"
            ],
            "index": "pypi",
            "version": "==0.13.0"
        },
        "toolz": {
            "hashes": [
                "sha256:1bc473acbf1a1db4e72a1ce587be347450e8f08324908b8a266b486f408f04d5",
                "sha256:c7a47921f07822fe534fb1c01c9931ab335a4390c782bd28c6bcc7c2f71f3fbf"
            ],
            "index": "pypi",
            "version": "==0.11.1"
        }
    },
    "develop": {}
}
